
Microsoft Visual Studio Solution File, Format Version 12.00
# Visual Studio Version 17
VisualStudioVersion = 17.7.34202.233
MinimumVisualStudioVersion = 10.0.40219.1
Project("{FAE04EC0-301F-11D3-BF4B-00C04F79EFBC}") = "Kino.Api", "Kino.Api\Kino.Api.csproj", "{D6700C02-3687-4A6F-B197-7DEBB751120E}"
EndProject
Global
	GlobalSection(SolutionConfigurationPlatforms) = preSolution
		Debug|Any CPU = Debug|Any CPU
		Release|Any CPU = Release|Any CPU
	EndGlobalSection
	GlobalSection(ProjectConfigurationPlatforms) = postSolution
		{D6700C02-3687-4A6F-B197-7DEBB751120E}.Debug|Any CPU.ActiveCfg = Debug|Any CPU
		{D6700C02-3687-4A6F-B197-7DEBB751120E}.Debug|Any CPU.Build.0 = Debug|Any CPU
		{D6700C02-3687-4A6F-B197-7DEBB751120E}.Release|Any CPU.ActiveCfg = Release|Any CPU
		{D6700C02-3687-4A6F-B197-7DEBB751120E}.Release|Any CPU.Build.0 = Release|Any CPU
	EndGlobalSection
	GlobalSection(SolutionProperties) = preSolution
		HideSolutionNode = FALSE
	EndGlobalSection
	GlobalSection(ExtensibilityGlobals) = postSolution
		SolutionGuid = {9C611216-F70A-4BCD-B803-F5E0203A7768}
	EndGlobalSection
EndGlobal
